// !$*UTF8*$!
{
	archiveVersion = 1;
	classes = {
	};
	objectVersion = 55;
	objects = {

/* Begin PBXBuildFile section */
		B563FB0C27626B980036D801 /* AppDelegate.swift in Sources */ = {isa = PBXBuildFile; fileRef = B563FB0B27626B980036D801 /* AppDelegate.swift */; };
		B563FB0E27626B980036D801 /* SceneDelegate.swift in Sources */ = {isa = PBXBuildFile; fileRef = B563FB0D27626B980036D801 /* SceneDelegate.swift */; };
		B563FB1327626B980036D801 /* Main.storyboard in Resources */ = {isa = PBXBuildFile; fileRef = B563FB1127626B980036D801 /* Main.storyboard */; };
		B563FB1527626B9A0036D801 /* Assets.xcassets in Resources */ = {isa = PBXBuildFile; fileRef = B563FB1427626B9A0036D801 /* Assets.xcassets */; };
		B563FB1827626B9A0036D801 /* LaunchScreen.storyboard in Resources */ = {isa = PBXBuildFile; fileRef = B563FB1627626B9A0036D801 /* LaunchScreen.storyboard */; };
		B563FB2327626B9A0036D801 /* Tip_CalculatorTests.swift in Sources */ = {isa = PBXBuildFile; fileRef = B563FB2227626B9A0036D801 /* Tip_CalculatorTests.swift */; };
		B563FB2D27626B9A0036D801 /* Tip_CalculatorUITests.swift in Sources */ = {isa = PBXBuildFile; fileRef = B563FB2C27626B9A0036D801 /* Tip_CalculatorUITests.swift */; };
		B563FB2F27626B9A0036D801 /* Tip_CalculatorUITestsLaunchTests.swift in Sources */ = {isa = PBXBuildFile; fileRef = B563FB2E27626B9A0036D801 /* Tip_CalculatorUITestsLaunchTests.swift */; };
		B563FB3C27626DDC0036D801 /* SettingsViewController.swift in Sources */ = {isa = PBXBuildFile; fileRef = B563FB3B27626DDC0036D801 /* SettingsViewController.swift */; };
		B563FB3E276283390036D801 /* CalculateTipViewController.swift in Sources */ = {isa = PBXBuildFile; fileRef = B563FB3D276283390036D801 /* CalculateTipViewController.swift */; };
/* End PBXBuildFile section */

/* Begin PBXContainerItemProxy section */
		B563FB1F27626B9A0036D801 /* PBXContainerItemProxy */ = {
			isa = PBXContainerItemProxy;
			containerPortal = B563FB0027626B980036D801 /* Project object */;
			proxyType = 1;
			remoteGlobalIDString = B563FB0727626B980036D801;
			remoteInfo = "Tip Calculator";
		};
		B563FB2927626B9A0036D801 /* PBXContainerItemProxy */ = {
			isa = PBXContainerItemProxy;
			containerPortal = B563FB0027626B980036D801 /* Project object */;
			proxyType = 1;
			remoteGlobalIDString = B563FB0727626B980036D801;
			remoteInfo = "Tip Calculator";
		};
/* End PBXContainerItemProxy section */

/* Begin PBXFileReference section */
		B563FB0827626B980036D801 /* TipCalculator.app */ = {isa = PBXFileReference; explicitFileType = wrapper.application; includeInIndex = 0; path = TipCalculator.app; sourceTree = BUILT_PRODUCTS_DIR; };
		B563FB0B27626B980036D801 /* AppDelegate.swift */ = {isa = PBXFileReference; lastKnownFileType = sourcecode.swift; path = AppDelegate.swift; sourceTree = "<group>"; };
		B563FB0D27626B980036D801 /* SceneDelegate.swift */ = {isa = PBXFileReference; lastKnownFileType = sourcecode.swift; path = SceneDelegate.swift; sourceTree = "<group>"; };
		B563FB1227626B980036D801 /* Base */ = {isa = PBXFileReference; lastKnownFileType = file.storyboard; name = Base; path = Base.lproj/Main.storyboard; sourceTree = "<group>"; };
		B563FB1427626B9A0036D801 /* Assets.xcassets */ = {isa = PBXFileReference; lastKnownFileType = folder.assetcatalog; path = Assets.xcassets; sourceTree = "<group>"; };
		B563FB1727626B9A0036D801 /* Base */ = {isa = PBXFileReference; lastKnownFileType = file.storyboard; name = Base; path = Base.lproj/LaunchScreen.storyboard; sourceTree = "<group>"; };
		B563FB1927626B9A0036D801 /* Info.plist */ = {isa = PBXFileReference; lastKnownFileType = text.plist.xml; path = Info.plist; sourceTree = "<group>"; };
		B563FB1E27626B9A0036D801 /* TipCalculatorTests.xctest */ = {isa = PBXFileReference; explicitFileType = wrapper.cfbundle; includeInIndex = 0; path = TipCalculatorTests.xctest; sourceTree = BUILT_PRODUCTS_DIR; };
		B563FB2227626B9A0036D801 /* Tip_CalculatorTests.swift */ = {isa = PBXFileReference; lastKnownFileType = sourcecode.swift; path = Tip_CalculatorTests.swift; sourceTree = "<group>"; };
		B563FB2827626B9A0036D801 /* TipCalculatorUITests.xctest */ = {isa = PBXFileReference; explicitFileType = wrapper.cfbundle; includeInIndex = 0; path = TipCalculatorUITests.xctest; sourceTree = BUILT_PRODUCTS_DIR; };
		B563FB2C27626B9A0036D801 /* Tip_CalculatorUITests.swift */ = {isa = PBXFileReference; lastKnownFileType = sourcecode.swift; path = Tip_CalculatorUITests.swift; sourceTree = "<group>"; };
		B563FB2E27626B9A0036D801 /* Tip_CalculatorUITestsLaunchTests.swift */ = {isa = PBXFileReference; lastKnownFileType = sourcecode.swift; path = Tip_CalculatorUITestsLaunchTests.swift; sourceTree = "<group>"; };
		B563FB3B27626DDC0036D801 /* SettingsViewController.swift */ = {isa = PBXFileReference; lastKnownFileType = sourcecode.swift; path = SettingsViewController.swift; sourceTree = "<group>"; };
		B563FB3D276283390036D801 /* CalculateTipViewController.swift */ = {isa = PBXFileReference; lastKnownFileType = sourcecode.swift; path = CalculateTipViewController.swift; sourceTree = "<group>"; };
/* End PBXFileReference section */

/* Begin PBXFrameworksBuildPhase section */
		B563FB0527626B980036D801 /* Frameworks */ = {
			isa = PBXFrameworksBuildPhase;
			buildActionMask = 2147483647;
			files = (
			);
			runOnlyForDeploymentPostprocessing = 0;
		};
		B563FB1B27626B9A0036D801 /* Frameworks */ = {
			isa = PBXFrameworksBuildPhase;
			buildActionMask = 2147483647;
			files = (
			);
			runOnlyForDeploymentPostprocessing = 0;
		};
		B563FB2527626B9A0036D801 /* Frameworks */ = {
			isa = PBXFrameworksBuildPhase;
			buildActionMask = 2147483647;
			files = (
			);
			runOnlyForDeploymentPostprocessing = 0;
		};
/* End PBXFrameworksBuildPhase section */

/* Begin PBXGroup section */
		B563FAFF27626B980036D801 = {
			isa = PBXGroup;
			children = (
				B563FB0A27626B980036D801 /* Tip Calculator */,
				B563FB2127626B9A0036D801 /* Tip CalculatorTests */,
				B563FB2B27626B9A0036D801 /* Tip CalculatorUITests */,
				B563FB0927626B980036D801 /* Products */,
			);
			sourceTree = "<group>";
		};
		B563FB0927626B980036D801 /* Products */ = {
			isa = PBXGroup;
			children = (
				B563FB0827626B980036D801 /* TipCalculator.app */,
				B563FB1E27626B9A0036D801 /* TipCalculatorTests.xctest */,
				B563FB2827626B9A0036D801 /* TipCalculatorUITests.xctest */,
			);
			name = Products;
			sourceTree = "<group>";
		};
		B563FB0A27626B980036D801 /* Tip Calculator */ = {
			isa = PBXGroup;
			children = (
				B563FB0B27626B980036D801 /* AppDelegate.swift */,
				B563FB0D27626B980036D801 /* SceneDelegate.swift */,
				B563FB3D276283390036D801 /* CalculateTipViewController.swift */,
				B563FB3B27626DDC0036D801 /* SettingsViewController.swift */,
				B563FB1127626B980036D801 /* Main.storyboard */,
				B563FB1427626B9A0036D801 /* Assets.xcassets */,
				B563FB1627626B9A0036D801 /* LaunchScreen.storyboard */,
				B563FB1927626B9A0036D801 /* Info.plist */,
			);
			path = "Tip Calculator";
			sourceTree = "<group>";
		};
		B563FB2127626B9A0036D801 /* Tip CalculatorTests */ = {
			isa = PBXGroup;
			children = (
				B563FB2227626B9A0036D801 /* Tip_CalculatorTests.swift */,
			);
			path = "Tip CalculatorTests";
			sourceTree = "<group>";
		};
		B563FB2B27626B9A0036D801 /* Tip CalculatorUITests */ = {
			isa = PBXGroup;
			children = (
				B563FB2C27626B9A0036D801 /* Tip_CalculatorUITests.swift */,
				B563FB2E27626B9A0036D801 /* Tip_CalculatorUITestsLaunchTests.swift */,
			);
			path = "Tip CalculatorUITests";
			sourceTree = "<group>";
		};
/* End PBXGroup section */

/* Begin PBXNativeTarget section */
		B563FB0727626B980036D801 /* TipCalculator */ = {
			isa = PBXNativeTarget;
			buildConfigurationList = B563FB3227626B9A0036D801 /* Build configuration list for PBXNativeTarget "TipCalculator" */;
			buildPhases = (
				B563FB0427626B980036D801 /* Sources */,
				B563FB0527626B980036D801 /* Frameworks */,
				B563FB0627626B980036D801 /* Resources */,
			);
			buildRules = (
			);
			dependencies = (
			);
			name = TipCalculator;
			productName = "Tip Calculator";
			productReference = B563FB0827626B980036D801 /* TipCalculator.app */;
			productType = "com.apple.product-type.application";
		};
		B563FB1D27626B9A0036D801 /* TipCalculatorTests */ = {
			isa = PBXNativeTarget;
			buildConfigurationList = B563FB3527626B9A0036D801 /* Build configuration list for PBXNativeTarget "TipCalculatorTests" */;
			buildPhases = (
				B563FB1A27626B9A0036D801 /* Sources */,
				B563FB1B27626B9A0036D801 /* Frameworks */,
				B563FB1C27626B9A0036D801 /* Resources */,
			);
			buildRules = (
			);
			dependencies = (
				B563FB2027626B9A0036D801 /* PBXTargetDependency */,
			);
			name = TipCalculatorTests;
			productName = "Tip CalculatorTests";
			productReference = B563FB1E27626B9A0036D801 /* TipCalculatorTests.xctest */;
			productType = "com.apple.product-type.bundle.unit-test";
		};
		B563FB2727626B9A0036D801 /* TipCalculatorUITests */ = {
			isa = PBXNativeTarget;
			buildConfigurationList = B563FB3827626B9A0036D801 /* Build configuration list for PBXNativeTarget "TipCalculatorUITests" */;
			buildPhases = (
				B563FB2427626B9A0036D801 /* Sources */,
				B563FB2527626B9A0036D801 /* Frameworks */,
				B563FB2627626B9A0036D801 /* Resources */,
			);
			buildRules = (
			);
			dependencies = (
				B563FB2A27626B9A0036D801 /* PBXTargetDependency */,
			);
			name = TipCalculatorUITests;
			productName = "Tip CalculatorUITests";
			productReference = B563FB2827626B9A0036D801 /* TipCalculatorUITests.xctest */;
			productType = "com.apple.product-type.bundle.ui-testing";
		};
/* End PBXNativeTarget section */

/* Begin PBXProject section */
		B563FB0027626B980036D801 /* Project object */ = {
			isa = PBXProject;
			attributes = {
				BuildIndependentTargetsInParallel = 1;
				LastSwiftUpdateCheck = 1310;
				LastUpgradeCheck = 1310;
				TargetAttributes = {
					B563FB0727626B980036D801 = {
						CreatedOnToolsVersion = 13.1;
					};
					B563FB1D27626B9A0036D801 = {
						CreatedOnToolsVersion = 13.1;
						TestTargetID = B563FB0727626B980036D801;
					};
					B563FB2727626B9A0036D801 = {
						CreatedOnToolsVersion = 13.1;
						TestTargetID = B563FB0727626B980036D801;
					};
				};
			};
			buildConfigurationList = B563FB0327626B980036D801 /* Build configuration list for PBXProject "TipCalculator" */;
			compatibilityVersion = "Xcode 13.0";
			developmentRegion = en;
			hasScannedForEncodings = 0;
			knownRegions = (
				en,
				Base,
			);
			mainGroup = B563FAFF27626B980036D801;
			productRefGroup = B563FB0927626B980036D801 /* Products */;
			projectDirPath = "";
			projectRoot = "";
			targets = (
				B563FB0727626B980036D801 /* TipCalculator */,
				B563FB1D27626B9A0036D801 /* TipCalculatorTests */,
				B563FB2727626B9A0036D801 /* TipCalculatorUITests */,
			);
		};
/* End PBXProject section */

/* Begin PBXResourcesBuildPhase section */
		B563FB0627626B980036D801 /* Resources */ = {
			isa = PBXResourcesBuildPhase;
			buildActionMask = 2147483647;
			files = (
				B563FB1827626B9A0036D801 /* LaunchScreen.storyboard in Resources */,
				B563FB1527626B9A0036D801 /* Assets.xcassets in Resources */,
				B563FB1327626B980036D801 /* Main.storyboard in Resources */,
			);
			runOnlyForDeploymentPostprocessing = 0;
		};
		B563FB1C27626B9A0036D801 /* Resources */ = {
			isa = PBXResourcesBuildPhase;
			buildActionMask = 2147483647;
			files = (
			);
			runOnlyForDeploymentPostprocessing = 0;
		};
		B563FB2627626B9A0036D801 /* Resources */ = {
			isa = PBXResourcesBuildPhase;
			buildActionMask = 2147483647;
			files = (
			);
			runOnlyForDeploymentPostprocessing = 0;
		};
/* End PBXResourcesBuildPhase section */

/* Begin PBXSourcesBuildPhase section */
		B563FB0427626B980036D801 /* Sources */ = {
			isa = PBXSourcesBuildPhase;
			buildActionMask = 2147483647;
			files = (
				B563FB0C27626B980036D801 /* AppDelegate.swift in Sources */,
				B563FB0E27626B980036D801 /* SceneDelegate.swift in Sources */,
				B563FB3E276283390036D801 /* CalculateTipViewController.swift in Sources */,
				B563FB3C27626DDC0036D801 /* SettingsViewController.swift in Sources */,
			);
			runOnlyForDeploymentPostprocessing = 0;
		};
		B563FB1A27626B9A0036D801 /* Sources */ = {
			isa = PBXSourcesBuildPhase;
			buildActionMask = 2147483647;
			files = (
				B563FB2327626B9A0036D801 /* Tip_CalculatorTests.swift in Sources */,
			);
			runOnlyForDeploymentPostprocessing = 0;
		};
		B563FB2427626B9A0036D801 /* Sources */ = {
			isa = PBXSourcesBuildPhase;
			buildActionMask = 2147483647;
			files = (
				B563FB2F27626B9A0036D801 /* Tip_CalculatorUITestsLaunchTests.swift in Sources */,
				B563FB2D27626B9A0036D801 /* Tip_CalculatorUITests.swift in Sources */,
			);
			runOnlyForDeploymentPostprocessing = 0;
		};
/* End PBXSourcesBuildPhase section */

/* Begin PBXTargetDependency section */
		B563FB2027626B9A0036D801 /* PBXTargetDependency */ = {
			isa = PBXTargetDependency;
			target = B563FB0727626B980036D801 /* TipCalculator */;
			targetProxy = B563FB1F27626B9A0036D801 /* PBXContainerItemProxy */;
		};
		B563FB2A27626B9A0036D801 /* PBXTargetDependency */ = {
			isa = PBXTargetDependency;
			target = B563FB0727626B980036D801 /* TipCalculator */;
			targetProxy = B563FB2927626B9A0036D801 /* PBXContainerItemProxy */;
		};
/* End PBXTargetDependency section */

/* Begin PBXVariantGroup section */
		B563FB1127626B980036D801 /* Main.storyboard */ = {
			isa = PBXVariantGroup;
			children = (
				B563FB1227626B980036D801 /* Base */,
			);
			name = Main.storyboard;
			sourceTree = "<group>";
		};
		B563FB1627626B9A0036D801 /* LaunchScreen.storyboard */ = {
			isa = PBXVariantGroup;
			children = (
				B563FB1727626B9A0036D801 /* Base */,
			);
			name = LaunchScreen.storyboard;
			sourceTree = "<group>";
		};
/* End PBXVariantGroup section */

/* Begin XCBuildConfiguration section */
		B563FB3027626B9A0036D801 /* Debug */ = {
			isa = XCBuildConfiguration;
			buildSettings = {
				ALWAYS_SEARCH_USER_PATHS = NO;
				CLANG_ANALYZER_NONNULL = YES;
				CLANG_ANALYZER_NUMBER_OBJECT_CONVERSION = YES_AGGRESSIVE;
				CLANG_CXX_LANGUAGE_STANDARD = "gnu++17";
				CLANG_CXX_LIBRARY = "libc++";
				CLANG_ENABLE_MODULES = YES;
				CLANG_ENABLE_OBJC_ARC = YES;
				CLANG_ENABLE_OBJC_WEAK = YES;
				CLANG_WARN_BLOCK_CAPTURE_AUTORELEASING = YES;
				CLANG_WARN_BOOL_CONVERSION = YES;
				CLANG_WARN_COMMA = YES;
				CLANG_WARN_CONSTANT_CONVERSION = YES;
				CLANG_WARN_DEPRECATED_OBJC_IMPLEMENTATIONS = YES;
				CLANG_WARN_DIRECT_OBJC_ISA_USAGE = YES_ERROR;
				CLANG_WARN_DOCUMENTATION_COMMENTS = YES;
				CLANG_WARN_EMPTY_BODY = YES;
				CLANG_WARN_ENUM_CONVERSION = YES;
				CLANG_WARN_INFINITE_RECURSION = YES;
				CLANG_WARN_INT_CONVERSION = YES;
				CLANG_WARN_NON_LITERAL_NULL_CONVERSION = YES;
				CLANG_WARN_OBJC_IMPLICIT_RETAIN_SELF = YES;
				CLANG_WARN_OBJC_LITERAL_CONVERSION = YES;
				CLANG_WARN_OBJC_ROOT_CLASS = YES_ERROR;
				CLANG_WARN_QUOTED_INCLUDE_IN_FRAMEWORK_HEADER = YES;
				CLANG_WARN_RANGE_LOOP_ANALYSIS = YES;
				CLANG_WARN_STRICT_PROTOTYPES = YES;
				CLANG_WARN_SUSPICIOUS_MOVE = YES;
				CLANG_WARN_UNGUARDED_AVAILABILITY = YES_AGGRESSIVE;
				CLANG_WARN_UNREACHABLE_CODE = YES;
				CLANG_WARN__DUPLICATE_METHOD_MATCH = YES;
				COPY_PHASE_STRIP = NO;
				DEBUG_INFORMATION_FORMAT = dwarf;
				ENABLE_STRICT_OBJC_MSGSEND = YES;
				ENABLE_TESTABILITY = YES;
				GCC_C_LANGUAGE_STANDARD = gnu11;
				GCC_DYNAMIC_NO_PIC = NO;
				GCC_NO_COMMON_BLOCKS = YES;
				GCC_OPTIMIZATION_LEVEL = 0;
				GCC_PREPROCESSOR_DEFINITIONS = (
					"DEBUG=1",
					"$(inherited)",
				);
				GCC_WARN_64_TO_32_BIT_CONVERSION = YES;
				GCC_WARN_ABOUT_RETURN_TYPE = YES_ERROR;
				GCC_WARN_UNDECLARED_SELECTOR = YES;
				GCC_WARN_UNINITIALIZED_AUTOS = YES_AGGRESSIVE;
				GCC_WARN_UNUSED_FUNCTION = YES;
				GCC_WARN_UNUSED_VARIABLE = YES;
				IPHONEOS_DEPLOYMENT_TARGET = 15.0;
				MTL_ENABLE_DEBUG_INFO = INCLUDE_SOURCE;
				MTL_FAST_MATH = YES;
				ONLY_ACTIVE_ARCH = YES;
				SDKROOT = iphoneos;
				SWIFT_ACTIVE_COMPILATION_CONDITIONS = DEBUG;
				SWIFT_OPTIMIZATION_LEVEL = "-Onone";
			};
			name = Debug;
		};
		B563FB3127626B9A0036D801 /* Release */ = {
			isa = XCBuildConfiguration;
			buildSettings = {
				ALWAYS_SEARCH_USER_PATHS = NO;
				CLANG_ANALYZER_NONNULL = YES;
				CLANG_ANALYZER_NUMBER_OBJECT_CONVERSION = YES_AGGRESSIVE;
				CLANG_CXX_LANGUAGE_STANDARD = "gnu++17";
				CLANG_CXX_LIBRARY = "libc++";
				CLANG_ENABLE_MODULES = YES;
				CLANG_ENABLE_OBJC_ARC = YES;
				CLANG_ENABLE_OBJC_WEAK = YES;
				CLANG_WARN_BLOCK_CAPTURE_AUTORELEASING = YES;
				CLANG_WARN_BOOL_CONVERSION = YES;
				CLANG_WARN_COMMA = YES;
				CLANG_WARN_CONSTANT_CONVERSION = YES;
				CLANG_WARN_DEPRECATED_OBJC_IMPLEMENTATIONS = YES;
				CLANG_WARN_DIRECT_OBJC_ISA_USAGE = YES_ERROR;
				CLANG_WARN_DOCUMENTATION_COMMENTS = YES;
				CLANG_WARN_EMPTY_BODY = YES;
				CLANG_WARN_ENUM_CONVERSION = YES;
				CLANG_WARN_INFINITE_RECURSION = YES;
				CLANG_WARN_INT_CONVERSION = YES;
				CLANG_WARN_NON_LITERAL_NULL_CONVERSION = YES;
				CLANG_WARN_OBJC_IMPLICIT_RETAIN_SELF = YES;
				CLANG_WARN_OBJC_LITERAL_CONVERSION = YES;
				CLANG_WARN_OBJC_ROOT_CLASS = YES_ERROR;
				CLANG_WARN_QUOTED_INCLUDE_IN_FRAMEWORK_HEADER = YES;
				CLANG_WARN_RANGE_LOOP_ANALYSIS = YES;
				CLANG_WARN_STRICT_PROTOTYPES = YES;
				CLANG_WARN_SUSPICIOUS_MOVE = YES;
				CLANG_WARN_UNGUARDED_AVAILABILITY = YES_AGGRESSIVE;
				CLANG_WARN_UNREACHABLE_CODE = YES;
				CLANG_WARN__DUPLICATE_METHOD_MATCH = YES;
				COPY_PHASE_STRIP = NO;
				DEBUG_INFORMATION_FORMAT = "dwarf-with-dsym";
				ENABLE_NS_ASSERTIONS = NO;
				ENABLE_STRICT_OBJC_MSGSEND = YES;
				GCC_C_LANGUAGE_STANDARD = gnu11;
				GCC_NO_COMMON_BLOCKS = YES;
				GCC_WARN_64_TO_32_BIT_CONVERSION = YES;
				GCC_WARN_ABOUT_RETURN_TYPE = YES_ERROR;
				GCC_WARN_UNDECLARED_SELECTOR = YES;
				GCC_WARN_UNINITIALIZED_AUTOS = YES_AGGRESSIVE;
				GCC_WARN_UNUSED_FUNCTION = YES;
				GCC_WARN_UNUSED_VARIABLE = YES;
				IPHONEOS_DEPLOYMENT_TARGET = 15.0;
				MTL_ENABLE_DEBUG_INFO = NO;
				MTL_FAST_MATH = YES;
				SDKROOT = iphoneos;
				SWIFT_COMPILATION_MODE = wholemodule;
				SWIFT_OPTIMIZATION_LEVEL = "-O";
				VALIDATE_PRODUCT = YES;
			};
			name = Release;
		};
		B563FB3327626B9A0036D801 /* Debug */ = {
			isa = XCBuildConfiguration;
			buildSettings = {
				ASSETCATALOG_COMPILER_APPICON_NAME = AppIcon;
				ASSETCATALOG_COMPILER_GLOBAL_ACCENT_COLOR_NAME = AccentColor;
				CODE_SIGN_STYLE = Automatic;
				CURRENT_PROJECT_VERSION = 1;
				GENERATE_INFOPLIST_FILE = YES;
				INFOPLIST_FILE = "Tip Calculator/Info.plist";
				INFOPLIST_KEY_UIApplicationSupportsIndirectInputEvents = YES;
				INFOPLIST_KEY_UILaunchStoryboardName = LaunchScreen;
				INFOPLIST_KEY_UIMainStoryboardFile = Main;
				INFOPLIST_KEY_UISupportedInterfaceOrientations_iPad = "UIInterfaceOrientationPortrait UIInterfaceOrientationPortraitUpsideDown UIInterfaceOrientationLandscapeLeft UIInterfaceOrientationLandscapeRight";
				INFOPLIST_KEY_UISupportedInterfaceOrientations_iPhone = "UIInterfaceOrientationPortrait UIInterfaceOrientationLandscapeLeft UIInterfaceOrientationLandscapeRight";
				LD_RUNPATH_SEARCH_PATHS = (
					"$(inherited)",
					"@executable_path/Frameworks",
				);
				MARKETING_VERSION = 1.0;
				PRODUCT_BUNDLE_IDENTIFIER = "acroospulle.Tip-Calculator";
				PRODUCT_NAME = "$(TARGET_NAME)";
				SWIFT_EMIT_LOC_STRINGS = YES;
				SWIFT_VERSION = 5.0;
				TARGETED_DEVICE_FAMILY = "1,2";
			};
			name = Debug;
		};
		B563FB3427626B9A0036D801 /* Release */ = {
			isa = XCBuildConfiguration;
			buildSettings = {
				ASSETCATALOG_COMPILER_APPICON_NAME = AppIcon;
				ASSETCATALOG_COMPILER_GLOBAL_ACCENT_COLOR_NAME = AccentColor;
				CODE_SIGN_STYLE = Automatic;
				CURRENT_PROJECT_VERSION = 1;
				GENERATE_INFOPLIST_FILE = YES;
				INFOPLIST_FILE = "Tip Calculator/Info.plist";
				INFOPLIST_KEY_UIApplicationSupportsIndirectInputEvents = YES;
				INFOPLIST_KEY_UILaunchStoryboardName = LaunchScreen;
				INFOPLIST_KEY_UIMainStoryboardFile = Main;
				INFOPLIST_KEY_UISupportedInterfaceOrientations_iPad = "UIInterfaceOrientationPortrait UIInterfaceOrientationPortraitUpsideDown UIInterfaceOrientationLandscapeLeft UIInterfaceOrientationLandscapeRight";
				INFOPLIST_KEY_UISupportedInterfaceOrientations_iPhone = "UIInterfaceOrientationPortrait UIInterfaceOrientationLandscapeLeft UIInterfaceOrientationLandscapeRight";
				LD_RUNPATH_SEARCH_PATHS = (
					"$(inherited)",
					"@executable_path/Frameworks",
				);
				MARKETING_VERSION = 1.0;
				PRODUCT_BUNDLE_IDENTIFIER = "acroospulle.Tip-Calculator";
				PRODUCT_NAME = "$(TARGET_NAME)";
				SWIFT_EMIT_LOC_STRINGS = YES;
				SWIFT_VERSION = 5.0;
				TARGETED_DEVICE_FAMILY = "1,2";
			};
			name = Release;
		};
		B563FB3627626B9A0036D801 /* Debug */ = {
			isa = XCBuildConfiguration;
			buildSettings = {
				ALWAYS_EMBED_SWIFT_STANDARD_LIBRARIES = YES;
				BUNDLE_LOADER = "$(TEST_HOST)";
				CODE_SIGN_STYLE = Automatic;
				CURRENT_PROJECT_VERSION = 1;
				GENERATE_INFOPLIST_FILE = YES;
				IPHONEOS_DEPLOYMENT_TARGET = 15.0;
				LD_RUNPATH_SEARCH_PATHS = (
					"$(inherited)",
					"@executable_path/Frameworks",
					"@loader_path/Frameworks",
				);
				MARKETING_VERSION = 1.0;
				PRODUCT_BUNDLE_IDENTIFIER = "acroospulle.Tip-CalculatorTests";
				PRODUCT_NAME = "$(TARGET_NAME)";
				SWIFT_EMIT_LOC_STRINGS = NO;
				SWIFT_VERSION = 5.0;
				TARGETED_DEVICE_FAMILY = "1,2";
				TEST_HOST = "$(BUILT_PRODUCTS_DIR)/TipCalculator.app/TipCalculator";
			};
			name = Debug;
		};
		B563FB3727626B9A0036D801 /* Release */ = {
			isa = XCBuildConfiguration;
			buildSettings = {
				ALWAYS_EMBED_SWIFT_STANDARD_LIBRARIES = YES;
				BUNDLE_LOADER = "$(TEST_HOST)";
				CODE_SIGN_STYLE = Automatic;
				CURRENT_PROJECT_VERSION = 1;
				GENERATE_INFOPLIST_FILE = YES;
				IPHONEOS_DEPLOYMENT_TARGET = 15.0;
				LD_RUNPATH_SEARCH_PATHS = (
					"$(inherited)",
					"@executable_path/Frameworks",
					"@loader_path/Frameworks",
				);
				MARKETING_VERSION = 1.0;
				PRODUCT_BUNDLE_IDENTIFIER = "acroospulle.Tip-CalculatorTests";
				PRODUCT_NAME = "$(TARGET_NAME)";
				SWIFT_EMIT_LOC_STRINGS = NO;
				SWIFT_VERSION = 5.0;
				TARGETED_DEVICE_FAMILY = "1,2";
				TEST_HOST = "$(BUILT_PRODUCTS_DIR)/TipCalculator.app/TipCalculator";
			};
			name = Release;
		};
		B563FB3927626B9A0036D801 /* Debug */ = {
			isa = XCBuildConfiguration;
			buildSettings = {
				ALWAYS_EMBED_SWIFT_STANDARD_LIBRARIES = YES;
				CODE_SIGN_STYLE = Automatic;
				CURRENT_PROJECT_VERSION = 1;
				GENERATE_INFOPLIST_FILE = YES;
				LD_RUNPATH_SEARCH_PATHS = (
					"$(inherited)",
					"@executable_path/Frameworks",
					"@loader_path/Frameworks",
				);
				MARKETING_VERSION = 1.0;
				PRODUCT_BUNDLE_IDENTIFIER = "acroospulle.Tip-CalculatorUITests";
				PRODUCT_NAME = "$(TARGET_NAME)";
				SWIFT_EMIT_LOC_STRINGS = NO;
				SWIFT_VERSION = 5.0;
				TARGETED_DEVICE_FAMILY = "1,2";
				TEST_TARGET_NAME = "Tip Calculator";
			};
			name = Debug;
		};
		B563FB3A27626B9A0036D801 /* Release */ = {
			isa = XCBuildConfiguration;
			buildSettings = {
				ALWAYS_EMBED_SWIFT_STANDARD_LIBRARIES = YES;
				CODE_SIGN_STYLE = Automatic;
				CURRENT_PROJECT_VERSION = 1;
				GENERATE_INFOPLIST_FILE = YES;
				LD_RUNPATH_SEARCH_PATHS = (
					"$(inherited)",
					"@executable_path/Frameworks",
					"@loader_path/Frameworks",
				);
				MARKETING_VERSION = 1.0;
				PRODUCT_BUNDLE_IDENTIFIER = "acroospulle.Tip-CalculatorUITests";
				PRODUCT_NAME = "$(TARGET_NAME)";
				SWIFT_EMIT_LOC_STRINGS = NO;
				SWIFT_VERSION = 5.0;
				TARGETED_DEVICE_FAMILY = "1,2";
				TEST_TARGET_NAME = "Tip Calculator";
			};
			name = Release;
		};
/* End XCBuildConfiguration section */

/* Begin XCConfigurationList section */
		B563FB0327626B980036D801 /* Build configuration list for PBXProject "TipCalculator" */ = {
			isa = XCConfigurationList;
			buildConfigurations = (
				B563FB3027626B9A0036D801 /* Debug */,
				B563FB3127626B9A0036D801 /* Release */,
			);
			defaultConfigurationIsVisible = 0;
			defaultConfigurationName = Release;
		};
		B563FB3227626B9A0036D801 /* Build configuration list for PBXNativeTarget "TipCalculator" */ = {
			isa = XCConfigurationList;
			buildConfigurations = (
				B563FB3327626B9A0036D801 /* Debug */,
				B563FB3427626B9A0036D801 /* Release */,
			);
			defaultConfigurationIsVisible = 0;
			defaultConfigurationName = Release;
		};
		B563FB3527626B9A0036D801 /* Build configuration list for PBXNativeTarget "TipCalculatorTests" */ = {
			isa = XCConfigurationList;
			buildConfigurations = (
				B563FB3627626B9A0036D801 /* Debug */,
				B563FB3727626B9A0036D801 /* Release */,
			);
			defaultConfigurationIsVisible = 0;
			defaultConfigurationName = Release;
		};
		B563FB3827626B9A0036D801 /* Build configuration list for PBXNativeTarget "TipCalculatorUITests" */ = {
			isa = XCConfigurationList;
			buildConfigurations = (
				B563FB3927626B9A0036D801 /* Debug */,
				B563FB3A27626B9A0036D801 /* Release */,
			);
			defaultConfigurationIsVisible = 0;
			defaultConfigurationName = Release;
		};
/* End XCConfigurationList section */
	};
	rootObject = B563FB0027626B980036D801 /* Project object */;
}
